{
  "requires": true,
  "lockfileVersion": 1,
  "dependencies": {
    "classnames": {
      "version": "2.3.2",
      "resolved": "https://registry.npmjs.org/classnames/-/classnames-2.3.2.tgz",
      "integrity": "sha512-CSbhY4cFEJRe6/GQzIk5qXZ4Jeg5pcsP7b5peFSDpffpe1cqjASH/n9UTjBwOp6XpMSTwQ8Za2K5V02ueA7Tmw=="
    },
    "react-table": {
      "version": "7.8.0",
      "resolved": "https://registry.npmjs.org/react-table/-/react-table-7.8.0.tgz",
      "integrity": "sha512-hNaz4ygkZO4bESeFfnfOft73iBUj8K5oKi1EcSHPAibEydfsX2MyU6Z8KCr3mv3C9Kqqh71U+DhZkFvibbnPbA=="
    },
    "react-table-6": {
      "version": "6.11.0",
      "resolved": "https://registry.npmjs.org/react-table-6/-/react-table-6-6.11.0.tgz",
      "integrity": "sha512-zO24J+1Qg2AHxtSNMfHeGW1dxFcmLJQrAeLJyCAENdNdwJt+YolDDtJEBdZlukon7rZeAdB3d5gUH6eb9Dn5Ug==",
      "requires": {
        "classnames": "^2.2.5"
      }
    }
  }
}
